// !$*UTF8*$!
{
	archiveVersion = 1;
	classes = {
	};
	objectVersion = 46;
	objects = {

/* Begin PBXBuildFile section */
		717A40C5BFAD023EFEE27C3B /* libPods-firebaseTest.a in Frameworks */ = {isa = PBXBuildFile; fileRef = EF00DD889A0238432CBD33F4 /* libPods-firebaseTest.a */; };
		8460F7641E5FEEFE00FA2DFE /* main.m in Sources */ = {isa = PBXBuildFile; fileRef = 8460F7631E5FEEFE00FA2DFE /* main.m */; };
		8460F7671E5FEEFE00FA2DFE /* AppDelegate.m in Sources */ = {isa = PBXBuildFile; fileRef = 8460F7661E5FEEFE00FA2DFE /* AppDelegate.m */; };
		8460F76A1E5FEEFE00FA2DFE /* ViewController.m in Sources */ = {isa = PBXBuildFile; fileRef = 8460F7691E5FEEFE00FA2DFE /* ViewController.m */; };
		8460F76D1E5FEEFE00FA2DFE /* Main.storyboard in Resources */ = {isa = PBXBuildFile; fileRef = 8460F76B1E5FEEFE00FA2DFE /* Main.storyboard */; };
		8460F76F1E5FEEFE00FA2DFE /* Assets.xcassets in Resources */ = {isa = PBXBuildFile; fileRef = 8460F76E1E5FEEFE00FA2DFE /* Assets.xcassets */; };
		8460F7721E5FEEFE00FA2DFE /* LaunchScreen.storyboard in Resources */ = {isa = PBXBuildFile; fileRef = 8460F7701E5FEEFE00FA2DFE /* LaunchScreen.storyboard */; };
		8460F77A1E5FFA3000FA2DFE /* GoogleService-Info.plist in Resources */ = {isa = PBXBuildFile; fileRef = 8460F7791E5FFA3000FA2DFE /* GoogleService-Info.plist */; };
		8460F77D1E60078600FA2DFE /* UtilManager.m in Sources */ = {isa = PBXBuildFile; fileRef = 8460F77C1E60078600FA2DFE /* UtilManager.m */; };
/* End PBXBuildFile section */

/* Begin PBXFileReference section */
		8460F75F1E5FEEFE00FA2DFE /* firebaseTest.app */ = {isa = PBXFileReference; explicitFileType = wrapper.application; includeInIndex = 0; path = firebaseTest.app; sourceTree = BUILT_PRODUCTS_DIR; };
		8460F7631E5FEEFE00FA2DFE /* main.m */ = {isa = PBXFileReference; lastKnownFileType = sourcecode.c.objc; path = main.m; sourceTree = "<group>"; };
		8460F7651E5FEEFE00FA2DFE /* AppDelegate.h */ = {isa = PBXFileReference; lastKnownFileType = sourcecode.c.h; path = AppDelegate.h; sourceTree = "<group>"; };
		8460F7661E5FEEFE00FA2DFE /* AppDelegate.m */ = {isa = PBXFileReference; lastKnownFileType = sourcecode.c.objc; path = AppDelegate.m; sourceTree = "<group>"; };
		8460F7681E5FEEFE00FA2DFE /* ViewController.h */ = {isa = PBXFileReference; lastKnownFileType = sourcecode.c.h; path = ViewController.h; sourceTree = "<group>"; };
		8460F7691E5FEEFE00FA2DFE /* ViewController.m */ = {isa = PBXFileReference; lastKnownFileType = sourcecode.c.objc; path = ViewController.m; sourceTree = "<group>"; };
		8460F76C1E5FEEFE00FA2DFE /* Base */ = {isa = PBXFileReference; lastKnownFileType = file.storyboard; name = Base; path = Base.lproj/Main.storyboard; sourceTree = "<group>"; };
		8460F76E1E5FEEFE00FA2DFE /* Assets.xcassets */ = {isa = PBXFileReference; lastKnownFileType = folder.assetcatalog; path = Assets.xcassets; sourceTree = "<group>"; };
		8460F7711E5FEEFE00FA2DFE /* Base */ = {isa = PBXFileReference; lastKnownFileType = file.storyboard; name = Base; path = Base.lproj/LaunchScreen.storyboard; sourceTree = "<group>"; };
		8460F7731E5FEEFE00FA2DFE /* Info.plist */ = {isa = PBXFileReference; lastKnownFileType = text.plist.xml; path = Info.plist; sourceTree = "<group>"; };
		8460F7791E5FFA3000FA2DFE /* GoogleService-Info.plist */ = {isa = PBXFileReference; fileEncoding = 4; lastKnownFileType = text.plist.xml; path = "GoogleService-Info.plist"; sourceTree = "<group>"; };
		8460F77B1E60078600FA2DFE /* UtilManager.h */ = {isa = PBXFileReference; fileEncoding = 4; lastKnownFileType = sourcecode.c.h; path = UtilManager.h; sourceTree = "<group>"; };
		8460F77C1E60078600FA2DFE /* UtilManager.m */ = {isa = PBXFileReference; fileEncoding = 4; lastKnownFileType = sourcecode.c.objc; path = UtilManager.m; sourceTree = "<group>"; };
		ADE1CDE3C976058D0BBDAA3D /* Pods-firebaseTest.debug.xcconfig */ = {isa = PBXFileReference; includeInIndex = 1; lastKnownFileType = text.xcconfig; name = "Pods-firebaseTest.debug.xcconfig"; path = "Pods/Target Support Files/Pods-firebaseTest/Pods-firebaseTest.debug.xcconfig"; sourceTree = "<group>"; };
		BB47E18B5F7D2C6A8DA68994 /* Pods-firebaseTest.release.xcconfig */ = {isa = PBXFileReference; includeInIndex = 1; lastKnownFileType = text.xcconfig; name = "Pods-firebaseTest.release.xcconfig"; path = "Pods/Target Support Files/Pods-firebaseTest/Pods-firebaseTest.release.xcconfig"; sourceTree = "<group>"; };
		EF00DD889A0238432CBD33F4 /* libPods-firebaseTest.a */ = {isa = PBXFileReference; explicitFileType = archive.ar; includeInIndex = 0; path = "libPods-firebaseTest.a"; sourceTree = BUILT_PRODUCTS_DIR; };
/* End PBXFileReference section */

/* Begin PBXFrameworksBuildPhase section */
		8460F75C1E5FEEFE00FA2DFE /* Frameworks */ = {
			isa = PBXFrameworksBuildPhase;
			buildActionMask = 2147483647;
			files = (
				717A40C5BFAD023EFEE27C3B /* libPods-firebaseTest.a in Frameworks */,
			);
			runOnlyForDeploymentPostprocessing = 0;
		};
/* End PBXFrameworksBuildPhase section */

/* Begin PBXGroup section */
		003A8299D6A8A6820106D76E /* Pods */ = {
			isa = PBXGroup;
			children = (
				ADE1CDE3C976058D0BBDAA3D /* Pods-firebaseTest.debug.xcconfig */,
				BB47E18B5F7D2C6A8DA68994 /* Pods-firebaseTest.release.xcconfig */,
			);
			name = Pods;
			sourceTree = "<group>";
		};
		480071AB3B9428FF458708D9 /* Frameworks */ = {
			isa = PBXGroup;
			children = (
				EF00DD889A0238432CBD33F4 /* libPods-firebaseTest.a */,
			);
			name = Frameworks;
			sourceTree = "<group>";
		};
		8460F7561E5FEEFE00FA2DFE = {
			isa = PBXGroup;
			children = (
				8460F7611E5FEEFE00FA2DFE /* firebaseTest */,
				8460F7601E5FEEFE00FA2DFE /* Products */,
				003A8299D6A8A6820106D76E /* Pods */,
				480071AB3B9428FF458708D9 /* Frameworks */,
			);
			sourceTree = "<group>";
		};
		8460F7601E5FEEFE00FA2DFE /* Products */ = {
			isa = PBXGroup;
			children = (
				8460F75F1E5FEEFE00FA2DFE /* firebaseTest.app */,
			);
			name = Products;
			sourceTree = "<group>";
		};
		8460F7611E5FEEFE00FA2DFE /* firebaseTest */ = {
			isa = PBXGroup;
			children = (
				8460F7651E5FEEFE00FA2DFE /* AppDelegate.h */,
				8460F7661E5FEEFE00FA2DFE /* AppDelegate.m */,
				8460F77B1E60078600FA2DFE /* UtilManager.h */,
				8460F77C1E60078600FA2DFE /* UtilManager.m */,
				8460F7681E5FEEFE00FA2DFE /* ViewController.h */,
				8460F7691E5FEEFE00FA2DFE /* ViewController.m */,
				8460F76B1E5FEEFE00FA2DFE /* Main.storyboard */,
				8460F76E1E5FEEFE00FA2DFE /* Assets.xcassets */,
				8460F7701E5FEEFE00FA2DFE /* LaunchScreen.storyboard */,
				8460F7731E5FEEFE00FA2DFE /* Info.plist */,
				8460F7791E5FFA3000FA2DFE /* GoogleService-Info.plist */,
				8460F7621E5FEEFE00FA2DFE /* Supporting Files */,
			);
			path = firebaseTest;
			sourceTree = "<group>";
		};
		8460F7621E5FEEFE00FA2DFE /* Supporting Files */ = {
			isa = PBXGroup;
			children = (
				8460F7631E5FEEFE00FA2DFE /* main.m */,
			);
			name = "Supporting Files";
			sourceTree = "<group>";
		};
/* End PBXGroup section */

/* Begin PBXNativeTarget section */
		8460F75E1E5FEEFE00FA2DFE /* firebaseTest */ = {
			isa = PBXNativeTarget;
			buildConfigurationList = 8460F7761E5FEEFE00FA2DFE /* Build configuration list for PBXNativeTarget "firebaseTest" */;
			buildPhases = (
				1D1582B52A1731AD78E89919 /* [CP] Check Pods Manifest.lock */,
				8460F75B1E5FEEFE00FA2DFE /* Sources */,
				8460F75C1E5FEEFE00FA2DFE /* Frameworks */,
				8460F75D1E5FEEFE00FA2DFE /* Resources */,
				0144FD43F0CFE41DDBB78C16 /* [CP] Embed Pods Frameworks */,
				1D04AC6592E5B13EC53DE198 /* [CP] Copy Pods Resources */,
			);
			buildRules = (
			);
			dependencies = (
			);
			name = firebaseTest;
			productName = firebaseTest;
			productReference = 8460F75F1E5FEEFE00FA2DFE /* firebaseTest.app */;
			productType = "com.apple.product-type.application";
		};
/* End PBXNativeTarget section */

/* Begin PBXProject section */
		8460F7571E5FEEFE00FA2DFE /* Project object */ = {
			isa = PBXProject;
			attributes = {
				LastUpgradeCheck = 0820;
				ORGANIZATIONNAME = Admin;
				TargetAttributes = {
					8460F75E1E5FEEFE00FA2DFE = {
						CreatedOnToolsVersion = 8.2.1;
						ProvisioningStyle = Automatic;
					};
				};
			};
			buildConfigurationList = 8460F75A1E5FEEFE00FA2DFE /* Build configuration list for PBXProject "firebaseTest" */;
			compatibilityVersion = "Xcode 3.2";
			developmentRegion = English;
			hasScannedForEncodings = 0;
			knownRegions = (
				en,
				Base,
			);
			mainGroup = 8460F7561E5FEEFE00FA2DFE;
			productRefGroup = 8460F7601E5FEEFE00FA2DFE /* Products */;
			projectDirPath = "";
			projectRoot = "";
			targets = (
				8460F75E1E5FEEFE00FA2DFE /* firebaseTest */,
			);
		};
/* End PBXProject section */

/* Begin PBXResourcesBuildPhase section */
		8460F75D1E5FEEFE00FA2DFE /* Resources */ = {
			isa = PBXResourcesBuildPhase;
			buildActionMask = 2147483647;
			files = (
				8460F7721E5FEEFE00FA2DFE /* LaunchScreen.storyboard in Resources */,
				8460F77A1E5FFA3000FA2DFE /* GoogleService-Info.plist in Resources */,
				8460F76F1E5FEEFE00FA2DFE /* Assets.xcassets in Resources */,
				8460F76D1E5FEEFE00FA2DFE /* Main.storyboard in Resources */,
			);
			runOnlyForDeploymentPostprocessing = 0;
		};
/* End PBXResourcesBuildPhase section */

/* Begin PBXShellScriptBuildPhase section */
		0144FD43F0CFE41DDBB78C16 /* [CP] Embed Pods Frameworks */ = {
			isa = PBXShellScriptBuildPhase;
			buildActionMask = 2147483647;
			files = (
			);
			inputPaths = (
			);
			name = "[CP] Embed Pods Frameworks";
			outputPaths = (
			);
			runOnlyForDeploymentPostprocessing = 0;
			shellPath = /bin/sh;
			shellScript = "\"${SRCROOT}/Pods/Target Support Files/Pods-firebaseTest/Pods-firebaseTest-frameworks.sh\"\n";
			showEnvVarsInLog = 0;
		};
		1D04AC6592E5B13EC53DE198 /* [CP] Copy Pods Resources */ = {
			isa = PBXShellScriptBuildPhase;
			buildActionMask = 2147483647;
			files = (
			);
			inputPaths = (
			);
			name = "[CP] Copy Pods Resources";
			outputPaths = (
			);
			runOnlyForDeploymentPostprocessing = 0;
			shellPath = /bin/sh;
			shellScript = "\"${SRCROOT}/Pods/Target Support Files/Pods-firebaseTest/Pods-firebaseTest-resources.sh\"\n";
			showEnvVarsInLog = 0;
		};
		1D1582B52A1731AD78E89919 /* [CP] Check Pods Manifest.lock */ = {
			isa = PBXShellScriptBuildPhase;
			buildActionMask = 2147483647;
			files = (
			);
			inputPaths = (
			);
			name = "[CP] Check Pods Manifest.lock";
			outputPaths = (
			);
			runOnlyForDeploymentPostprocessing = 0;
			shellPath = /bin/sh;
			shellScript = "diff \"${PODS_ROOT}/../Podfile.lock\" \"${PODS_ROOT}/Manifest.lock\" > /dev/null\nif [ $? != 0 ] ; then\n    # print error to STDERR\n    echo \"error: The sandbox is not in sync with the Podfile.lock. Run 'pod install' or update your CocoaPods installation.\" >&2\n    exit 1\nfi\n";
			showEnvVarsInLog = 0;
		};
/* End PBXShellScriptBuildPhase section */

/* Begin PBXSourcesBuildPhase section */
		8460F75B1E5FEEFE00FA2DFE /* Sources */ = {
			isa = PBXSourcesBuildPhase;
			buildActionMask = 2147483647;
			files = (
				8460F76A1E5FEEFE00FA2DFE /* ViewController.m in Sources */,
				8460F77D1E60078600FA2DFE /* UtilManager.m in Sources */,
				8460F7671E5FEEFE00FA2DFE /* AppDelegate.m in Sources */,
				8460F7641E5FEEFE00FA2DFE /* main.m in Sources */,
			);
			runOnlyForDeploymentPostprocessing = 0;
		};
/* End PBXSourcesBuildPhase section */

/* Begin PBXVariantGroup section */
		8460F76B1E5FEEFE00FA2DFE /* Main.storyboard */ = {
			isa = PBXVariantGroup;
			children = (
				8460F76C1E5FEEFE00FA2DFE /* Base */,
			);
			name = Main.storyboard;
			sourceTree = "<group>";
		};
		8460F7701E5FEEFE00FA2DFE /* LaunchScreen.storyboard */ = {
			isa = PBXVariantGroup;
			children = (
				8460F7711E5FEEFE00FA2DFE /* Base */,
			);
			name = LaunchScreen.storyboard;
			sourceTree = "<group>";
		};
/* End PBXVariantGroup section */

/* Begin XCBuildConfiguration section */
		8460F7741E5FEEFE00FA2DFE /* Debug */ = {
			isa = XCBuildConfiguration;
			buildSettings = {
				ALWAYS_SEARCH_USER_PATHS = NO;
				CLANG_ANALYZER_NONNULL = YES;
				CLANG_CXX_LANGUAGE_STANDARD = "gnu++0x";
				CLANG_CXX_LIBRARY = "libc++";
				CLANG_ENABLE_MODULES = YES;
				CLANG_ENABLE_OBJC_ARC = YES;
				CLANG_WARN_BOOL_CONVERSION = YES;
				CLANG_WARN_CONSTANT_CONVERSION = YES;
				CLANG_WARN_DIRECT_OBJC_ISA_USAGE = YES_ERROR;
				CLANG_WARN_DOCUMENTATION_COMMENTS = YES;
				CLANG_WARN_EMPTY_BODY = YES;
				CLANG_WARN_ENUM_CONVERSION = YES;
				CLANG_WARN_INFINITE_RECURSION = YES;
				CLANG_WARN_INT_CONVERSION = YES;
				CLANG_WARN_OBJC_ROOT_CLASS = YES_ERROR;
				CLANG_WARN_SUSPICIOUS_MOVE = YES;
				CLANG_WARN_UNREACHABLE_CODE = YES;
				CLANG_WARN__DUPLICATE_METHOD_MATCH = YES;
				"CODE_SIGN_IDENTITY[sdk=iphoneos*]" = "iPhone Developer";
				COPY_PHASE_STRIP = NO;
				DEBUG_INFORMATION_FORMAT = dwarf;
				ENABLE_STRICT_OBJC_MSGSEND = YES;
				ENABLE_TESTABILITY = YES;
				GCC_C_LANGUAGE_STANDARD = gnu99;
				GCC_DYNAMIC_NO_PIC = NO;
				GCC_NO_COMMON_BLOCKS = YES;
				GCC_OPTIMIZATION_LEVEL = 0;
				GCC_PREPROCESSOR_DEFINITIONS = (
					"DEBUG=1",
					"$(inherited)",
				);
				GCC_WARN_64_TO_32_BIT_CONVERSION = YES;
				GCC_WARN_ABOUT_RETURN_TYPE = YES_ERROR;
				GCC_WARN_UNDECLARED_SELECTOR = YES;
				GCC_WARN_UNINITIALIZED_AUTOS = YES_AGGRESSIVE;
				GCC_WARN_UNUSED_FUNCTION = YES;
				GCC_WARN_UNUSED_VARIABLE = YES;
				IPHONEOS_DEPLOYMENT_TARGET = 10.2;
				MTL_ENABLE_DEBUG_INFO = YES;
				ONLY_ACTIVE_ARCH = YES;
				SDKROOT = iphoneos;
			};
			name = Debug;
		};
		8460F7751E5FEEFE00FA2DFE /* Release */ = {
			isa = XCBuildConfiguration;
			buildSettings = {
				ALWAYS_SEARCH_USER_PATHS = NO;
				CLANG_ANALYZER_NONNULL = YES;
				CLANG_CXX_LANGUAGE_STANDARD = "gnu++0x";
				CLANG_CXX_LIBRARY = "libc++";
				CLANG_ENABLE_MODULES = YES;
				CLANG_ENABLE_OBJC_ARC = YES;
				CLANG_WARN_BOOL_CONVERSION = YES;
				CLANG_WARN_CONSTANT_CONVERSION = YES;
				CLANG_WARN_DIRECT_OBJC_ISA_USAGE = YES_ERROR;
				CLANG_WARN_DOCUMENTATION_COMMENTS = YES;
				CLANG_WARN_EMPTY_BODY = YES;
				CLANG_WARN_ENUM_CONVERSION = YES;
				CLANG_WARN_INFINITE_RECURSION = YES;
				CLANG_WARN_INT_CONVERSION = YES;
				CLANG_WARN_OBJC_ROOT_CLASS = YES_ERROR;
				CLANG_WARN_SUSPICIOUS_MOVE = YES;
				CLANG_WARN_UNREACHABLE_CODE = YES;
				CLANG_WARN__DUPLICATE_METHOD_MATCH = YES;
				"CODE_SIGN_IDENTITY[sdk=iphoneos*]" = "iPhone Developer";
				COPY_PHASE_STRIP = NO;
				DEBUG_INFORMATION_FORMAT = "dwarf-with-dsym";
				ENABLE_NS_ASSERTIONS = NO;
				ENABLE_STRICT_OBJC_MSGSEND = YES;
				GCC_C_LANGUAGE_STANDARD = gnu99;
				GCC_NO_COMMON_BLOCKS = YES;
				GCC_WARN_64_TO_32_BIT_CONVERSION = YES;
				GCC_WARN_ABOUT_RETURN_TYPE = YES_ERROR;
				GCC_WARN_UNDECLARED_SELECTOR = YES;
				GCC_WARN_UNINITIALIZED_AUTOS = YES_AGGRESSIVE;
				GCC_WARN_UNUSED_FUNCTION = YES;
				GCC_WARN_UNUSED_VARIABLE = YES;
				IPHONEOS_DEPLOYMENT_TARGET = 10.2;
				MTL_ENABLE_DEBUG_INFO = NO;
				SDKROOT = iphoneos;
				VALIDATE_PRODUCT = YES;
			};
			name = Release;
		};
		8460F7771E5FEEFE00FA2DFE /* Debug */ = {
			isa = XCBuildConfiguration;
			baseConfigurationReference = ADE1CDE3C976058D0BBDAA3D /* Pods-firebaseTest.debug.xcconfig */;
			buildSettings = {
				ASSETCATALOG_COMPILER_APPICON_NAME = AppIcon;
				FRAMEWORK_SEARCH_PATHS = (
					"$(inherited)",
					"$(PROJECT_DIR)",
					"$(PROJECT_DIR)/FacebookSDKs-iOS-4.19.0",
				);
				INFOPLIST_FILE = firebaseTest/Info.plist;
				LD_RUNPATH_SEARCH_PATHS = "$(inherited) @executable_path/Frameworks";
				PRODUCT_BUNDLE_IDENTIFIER = com.firebaseTest.zhexun630;
				PRODUCT_NAME = "$(TARGET_NAME)";
			};
			name = Debug;
		};
		8460F7781E5FEEFE00FA2DFE /* Release */ = {
			isa = XCBuildConfiguration;
			baseConfigurationReference = BB47E18B5F7D2C6A8DA68994 /* Pods-firebaseTest.release.xcconfig */;
			buildSettings = {
				ASSETCATALOG_COMPILER_APPICON_NAME = AppIcon;
				FRAMEWORK_SEARCH_PATHS = (
					"$(inherited)",
					"$(PROJECT_DIR)",
					"$(PROJECT_DIR)/FacebookSDKs-iOS-4.19.0",
				);
				INFOPLIST_FILE = firebaseTest/Info.plist;
				LD_RUNPATH_SEARCH_PATHS = "$(inherited) @executable_path/Frameworks";
				PRODUCT_BUNDLE_IDENTIFIER = com.firebaseTest.zhexun630;
				PRODUCT_NAME = "$(TARGET_NAME)";
			};
			name = Release;
		};
/* End XCBuildConfiguration section */

/* Begin XCConfigurationList section */
		8460F75A1E5FEEFE00FA2DFE /* Build configuration list for PBXProject "firebaseTest" */ = {
			isa = XCConfigurationList;
			buildConfigurations = (
				8460F7741E5FEEFE00FA2DFE /* Debug */,
				8460F7751E5FEEFE00FA2DFE /* Release */,
			);
			defaultConfigurationIsVisible = 0;
			defaultConfigurationName = Release;
		};
		8460F7761E5FEEFE00FA2DFE /* Build configuration list for PBXNativeTarget "firebaseTest" */ = {
			isa = XCConfigurationList;
			buildConfigurations = (
				8460F7771E5FEEFE00FA2DFE /* Debug */,
				8460F7781E5FEEFE00FA2DFE /* Release */,
			);
			defaultConfigurationIsVisible = 0;
			defaultConfigurationName = Release;
		};
/* End XCConfigurationList section */
	};
	rootObject = 8460F7571E5FEEFE00FA2DFE /* Project object */;
}
